
Microsoft Visual Studio Solution File, Format Version 12.00
# Visual Studio 14
VisualStudioVersion = 14.0.25420.1
MinimumVisualStudioVersion = 10.0.40219.1
Project("{FAE04EC0-301F-11D3-BF4B-00C04F79EFBC}") = "Milionare", "Milionare\Milionare.csproj", "{7C4DB48F-28DA-47BC-84D2-DFC8AE0144BA}"
EndProject
Project("{54435603-DBB4-11D2-8724-00A0C9A8B90C}") = "ITP", "ITP\ITP.vdproj", "{89779012-F7F3-4A7A-91C0-645C76185825}"
EndProject
Global
	GlobalSection(SolutionConfigurationPlatforms) = preSolution
		Debug|Any CPU = Debug|Any CPU
		Release|Any CPU = Release|Any CPU
	EndGlobalSection
	GlobalSection(ProjectConfigurationPlatforms) = postSolution
		{7C4DB48F-28DA-47BC-84D2-DFC8AE0144BA}.Debug|Any CPU.ActiveCfg = Debug|Any CPU
		{7C4DB48F-28DA-47BC-84D2-DFC8AE0144BA}.Debug|Any CPU.Build.0 = Debug|Any CPU
		{7C4DB48F-28DA-47BC-84D2-DFC8AE0144BA}.Release|Any CPU.ActiveCfg = Release|Any CPU
		{7C4DB48F-28DA-47BC-84D2-DFC8AE0144BA}.Release|Any CPU.Build.0 = Release|Any CPU
		{89779012-F7F3-4A7A-91C0-645C76185825}.Debug|Any CPU.ActiveCfg = Debug
		{89779012-F7F3-4A7A-91C0-645C76185825}.Release|Any CPU.ActiveCfg = Release
	EndGlobalSection
	GlobalSection(SolutionProperties) = preSolution
		HideSolutionNode = FALSE
	EndGlobalSection
EndGlobal
